
Microsoft Visual Studio Solution File, Format Version 12.00
# Visual Studio 2012
Project("{FAE04EC0-301F-11D3-BF4B-00C04F79EFBC}") = "AutoMapperWithCastle", "AutoMapperWithCastle\AutoMapperWithCastle.csproj", "{AF72B50F-D2BA-4631-86C0-EE1DE3C6B484}"
EndProject
Global
	GlobalSection(SolutionConfigurationPlatforms) = preSolution
		Debug|Any CPU = Debug|Any CPU
		Release|Any CPU = Release|Any CPU
	EndGlobalSection
	GlobalSection(ProjectConfigurationPlatforms) = postSolution
		{AF72B50F-D2BA-4631-86C0-EE1DE3C6B484}.Debug|Any CPU.ActiveCfg = Debug|Any CPU
		{AF72B50F-D2BA-4631-86C0-EE1DE3C6B484}.Debug|Any CPU.Build.0 = Debug|Any CPU
		{AF72B50F-D2BA-4631-86C0-EE1DE3C6B484}.Release|Any CPU.ActiveCfg = Release|Any CPU
		{AF72B50F-D2BA-4631-86C0-EE1DE3C6B484}.Release|Any CPU.Build.0 = Release|Any CPU
	EndGlobalSection
	GlobalSection(SolutionProperties) = preSolution
		HideSolutionNode = FALSE
	EndGlobalSection
EndGlobal
